
Microsoft Visual Studio Solution File, Format Version 12.00
Project("{FAE04EC0-301F-11D3-BF4B-00C04F79EFBC}") = "movies-service", "movies-service.csproj", "{A199F0D3-09A5-4888-8F36-5F09B195731C}"
EndProject
Global
	GlobalSection(SolutionConfigurationPlatforms) = preSolution
		Debug|Any CPU = Debug|Any CPU
		Release|Any CPU = Release|Any CPU
	EndGlobalSection
	GlobalSection(ProjectConfigurationPlatforms) = postSolution
		{A199F0D3-09A5-4888-8F36-5F09B195731C}.Debug|Any CPU.ActiveCfg = Debug|Any CPU
		{A199F0D3-09A5-4888-8F36-5F09B195731C}.Debug|Any CPU.Build.0 = Debug|Any CPU
		{A199F0D3-09A5-4888-8F36-5F09B195731C}.Release|Any CPU.ActiveCfg = Release|Any CPU
		{A199F0D3-09A5-4888-8F36-5F09B195731C}.Release|Any CPU.Build.0 = Release|Any CPU
	EndGlobalSection
EndGlobal
